
Microsoft Visual Studio Solution File, Format Version 12.00
# Visual Studio Version 17
VisualStudioVersion = 17.13.35825.156 d17.13
MinimumVisualStudioVersion = 10.0.40219.1
Project("{FAE04EC0-301F-11D3-BF4B-00C04F79EFBC}") = "CRUDTest", "CRUDTest\CRUDTest.csproj", "{34392BF2-C29B-4531-B8BD-4AE1FED18761}"
EndProject
Global
	GlobalSection(SolutionConfigurationPlatforms) = preSolution
		Debug|Any CPU = Debug|Any CPU
		Release|Any CPU = Release|Any CPU
	EndGlobalSection
	GlobalSection(ProjectConfigurationPlatforms) = postSolution
		{34392BF2-C29B-4531-B8BD-4AE1FED18761}.Debug|Any CPU.ActiveCfg = Debug|Any CPU
		{34392BF2-C29B-4531-B8BD-4AE1FED18761}.Debug|Any CPU.Build.0 = Debug|Any CPU
		{34392BF2-C29B-4531-B8BD-4AE1FED18761}.Release|Any CPU.ActiveCfg = Release|Any CPU
		{34392BF2-C29B-4531-B8BD-4AE1FED18761}.Release|Any CPU.Build.0 = Release|Any CPU
	EndGlobalSection
	GlobalSection(SolutionProperties) = preSolution
		HideSolutionNode = FALSE
	EndGlobalSection
	GlobalSection(ExtensibilityGlobals) = postSolution
		SolutionGuid = {36DEC51F-DA66-40FD-AB95-DE16400023A4}
	EndGlobalSection
EndGlobal
